
Microsoft Visual Studio Solution File, Format Version 12.00
# Visual Studio Version 16
VisualStudioVersion = 16.0.30621.155
MinimumVisualStudioVersion = 10.0.40219.1
Project("{FAE04EC0-301F-11D3-BF4B-00C04F79EFBC}") = "Entities", "Entities\Entities.csproj", "{B93B9400-B3BF-498C-B802-CB4070D03EED}"
EndProject
Project("{FAE04EC0-301F-11D3-BF4B-00C04F79EFBC}") = "DataAccess", "DataAccess\DataAccess.csproj", "{F31E71A4-8190-4189-9530-0361A6641553}"
EndProject
Project("{FAE04EC0-301F-11D3-BF4B-00C04F79EFBC}") = "Business", "Business\Business.csproj", "{7AD6B92E-83AB-4520-B360-50979E10140F}"
EndProject
Project("{FAE04EC0-301F-11D3-BF4B-00C04F79EFBC}") = "Core", "Core\Core.csproj", "{604C25B7-0A3E-4703-99D6-C18C1F0788A5}"
EndProject
Project("{FAE04EC0-301F-11D3-BF4B-00C04F79EFBC}") = "WebAPI", "WebAPI\WebAPI.csproj", "{202E7E16-A89A-47F7-82C1-5F061AE4F6ED}"
EndProject
Global
	GlobalSection(SolutionConfigurationPlatforms) = preSolution
		Debug|Any CPU = Debug|Any CPU
		Release|Any CPU = Release|Any CPU
	EndGlobalSection
	GlobalSection(ProjectConfigurationPlatforms) = postSolution
		{B93B9400-B3BF-498C-B802-CB4070D03EED}.Debug|Any CPU.ActiveCfg = Debug|Any CPU
		{B93B9400-B3BF-498C-B802-CB4070D03EED}.Debug|Any CPU.Build.0 = Debug|Any CPU
		{B93B9400-B3BF-498C-B802-CB4070D03EED}.Release|Any CPU.ActiveCfg = Release|Any CPU
		{B93B9400-B3BF-498C-B802-CB4070D03EED}.Release|Any CPU.Build.0 = Release|Any CPU
		{F31E71A4-8190-4189-9530-0361A6641553}.Debug|Any CPU.ActiveCfg = Debug|Any CPU
		{F31E71A4-8190-4189-9530-0361A6641553}.Debug|Any CPU.Build.0 = Debug|Any CPU
		{F31E71A4-8190-4189-9530-0361A6641553}.Release|Any CPU.ActiveCfg = Release|Any CPU
		{F31E71A4-8190-4189-9530-0361A6641553}.Release|Any CPU.Build.0 = Release|Any CPU
		{7AD6B92E-83AB-4520-B360-50979E10140F}.Debug|Any CPU.ActiveCfg = Debug|Any CPU
		{7AD6B92E-83AB-4520-B360-50979E10140F}.Debug|Any CPU.Build.0 = Debug|Any CPU
		{7AD6B92E-83AB-4520-B360-50979E10140F}.Release|Any CPU.ActiveCfg = Release|Any CPU
		{7AD6B92E-83AB-4520-B360-50979E10140F}.Release|Any CPU.Build.0 = Release|Any CPU
		{604C25B7-0A3E-4703-99D6-C18C1F0788A5}.Debug|Any CPU.ActiveCfg = Debug|Any CPU
		{604C25B7-0A3E-4703-99D6-C18C1F0788A5}.Debug|Any CPU.Build.0 = Debug|Any CPU
		{604C25B7-0A3E-4703-99D6-C18C1F0788A5}.Release|Any CPU.ActiveCfg = Release|Any CPU
		{604C25B7-0A3E-4703-99D6-C18C1F0788A5}.Release|Any CPU.Build.0 = Release|Any CPU
		{202E7E16-A89A-47F7-82C1-5F061AE4F6ED}.Debug|Any CPU.ActiveCfg = Debug|Any CPU
		{202E7E16-A89A-47F7-82C1-5F061AE4F6ED}.Debug|Any CPU.Build.0 = Debug|Any CPU
		{202E7E16-A89A-47F7-82C1-5F061AE4F6ED}.Release|Any CPU.ActiveCfg = Release|Any CPU
		{202E7E16-A89A-47F7-82C1-5F061AE4F6ED}.Release|Any CPU.Build.0 = Release|Any CPU
	EndGlobalSection
	GlobalSection(SolutionProperties) = preSolution
		HideSolutionNode = FALSE
	EndGlobalSection
	GlobalSection(ExtensibilityGlobals) = postSolution
		SolutionGuid = {69F3B2F9-1946-4502-A70F-51E8467558E5}
	EndGlobalSection
EndGlobal
